
Microsoft Visual Studio Solution File, Format Version 11.00
# Visual Studio 2010
Project("{FAE04EC0-301F-11D3-BF4B-00C04F79EFBC}") = "MsTests", "MsTests\MsTests.csproj", "{AAAC642D-550A-4B8C-93FC-3A3B5559ABEC}"
EndProject
Global
	GlobalSection(SolutionConfigurationPlatforms) = preSolution
		Debug|Any CPU = Debug|Any CPU
		Release|Any CPU = Release|Any CPU
	EndGlobalSection
	GlobalSection(ProjectConfigurationPlatforms) = postSolution
		{AAAC642D-550A-4B8C-93FC-3A3B5559ABEC}.Debug|Any CPU.ActiveCfg = Debug|Any CPU
		{AAAC642D-550A-4B8C-93FC-3A3B5559ABEC}.Debug|Any CPU.Build.0 = Debug|Any CPU
		{AAAC642D-550A-4B8C-93FC-3A3B5559ABEC}.Release|Any CPU.ActiveCfg = Release|Any CPU
		{AAAC642D-550A-4B8C-93FC-3A3B5559ABEC}.Release|Any CPU.Build.0 = Release|Any CPU
	EndGlobalSection
	GlobalSection(SolutionProperties) = preSolution
		HideSolutionNode = FALSE
	EndGlobalSection
EndGlobal
